
Microsoft Visual Studio Solution File, Format Version 12.00
# Visual Studio 14
VisualStudioVersion = 14.0.23107.0
MinimumVisualStudioVersion = 10.0.40219.1
Project("{FAE04EC0-301F-11D3-BF4B-00C04F79EFBC}") = "EAN128Parser", "EAN128Parser\EAN128Parser.csproj", "{95E01D65-8FAE-4682-83DA-AC0972CF3359}"
EndProject
Global
	GlobalSection(SolutionConfigurationPlatforms) = preSolution
		Debug|Any CPU = Debug|Any CPU
		Release|Any CPU = Release|Any CPU
	EndGlobalSection
	GlobalSection(ProjectConfigurationPlatforms) = postSolution
		{95E01D65-8FAE-4682-83DA-AC0972CF3359}.Debug|Any CPU.ActiveCfg = Debug|Any CPU
		{95E01D65-8FAE-4682-83DA-AC0972CF3359}.Debug|Any CPU.Build.0 = Debug|Any CPU
		{95E01D65-8FAE-4682-83DA-AC0972CF3359}.Release|Any CPU.ActiveCfg = Release|Any CPU
		{95E01D65-8FAE-4682-83DA-AC0972CF3359}.Release|Any CPU.Build.0 = Release|Any CPU
	EndGlobalSection
	GlobalSection(SolutionProperties) = preSolution
		HideSolutionNode = FALSE
	EndGlobalSection
EndGlobal
